
Microsoft Visual Studio Solution File, Format Version 12.00
# Visual Studio Version 16
VisualStudioVersion = 16.0.28803.156
MinimumVisualStudioVersion = 10.0.40219.1
Project("{FAE04EC0-301F-11D3-BF4B-00C04F79EFBC}") = "SE Lab Project(File Path finder)", "SE Lab Project(File Path finder)\SE Lab Project(File Path finder).csproj", "{C46A5F84-013E-465D-AADD-7B10E1EFA4F5}"
EndProject
Global
	GlobalSection(SolutionConfigurationPlatforms) = preSolution
		Debug|Any CPU = Debug|Any CPU
		Release|Any CPU = Release|Any CPU
	EndGlobalSection
	GlobalSection(ProjectConfigurationPlatforms) = postSolution
		{C46A5F84-013E-465D-AADD-7B10E1EFA4F5}.Debug|Any CPU.ActiveCfg = Debug|Any CPU
		{C46A5F84-013E-465D-AADD-7B10E1EFA4F5}.Debug|Any CPU.Build.0 = Debug|Any CPU
		{C46A5F84-013E-465D-AADD-7B10E1EFA4F5}.Release|Any CPU.ActiveCfg = Release|Any CPU
		{C46A5F84-013E-465D-AADD-7B10E1EFA4F5}.Release|Any CPU.Build.0 = Release|Any CPU
	EndGlobalSection
	GlobalSection(SolutionProperties) = preSolution
		HideSolutionNode = FALSE
	EndGlobalSection
	GlobalSection(ExtensibilityGlobals) = postSolution
		SolutionGuid = {3E357A7D-814E-4B44-B0BD-F3320E594D0E}
	EndGlobalSection
EndGlobal
